
Microsoft Visual Studio Solution File, Format Version 12.00
# Visual Studio Version 17
VisualStudioVersion = 17.0.31611.283
MinimumVisualStudioVersion = 10.0.40219.1
Project("{9A19103F-16F7-4668-BE54-9A1E7A4F7556}") = "FoodopolyClientV2", "FoodopolyClientV2\FoodopolyClientV2.csproj", "{8925759F-15E1-430C-AE56-D5F9F31E5B6C}"
EndProject
Project("{9A19103F-16F7-4668-BE54-9A1E7A4F7556}") = "ConnectivityLibrary", "..\FoodopolyClientApp\ConnectivityLibrary\ConnectivityLibrary.csproj", "{169D8ACE-772D-4ADA-9B77-5D0B2171D40F}"
EndProject
Project("{9A19103F-16F7-4668-BE54-9A1E7A4F7556}") = "FoodopolyClasses", "..\..\..\Documents\ApssStuf\FoodopolyClasses\FoodopolyClasses.csproj", "{5C18E63C-4CEC-4291-AF5E-487D0959358B}"
EndProject
Project("{9A19103F-16F7-4668-BE54-9A1E7A4F7556}") = "TestProjectFoodopolyClasses", "TestProjectFoodopolyClasses\TestProjectFoodopolyClasses.csproj", "{DFCD30CB-2122-453D-A988-086ECB3F76F7}"
EndProject
Project("{2150E333-8FDC-42A3-9474-1A3956D46DE8}") = "Solution Items", "Solution Items", "{7644E969-920C-4F44-B0AA-35B38147EDAD}"
	ProjectSection(SolutionItems) = preProject
		IssuesToFix.txt = IssuesToFix.txt
	EndProjectSection
EndProject
Global
	GlobalSection(SolutionConfigurationPlatforms) = preSolution
		Debug|Any CPU = Debug|Any CPU
		Release|Any CPU = Release|Any CPU
	EndGlobalSection
	GlobalSection(ProjectConfigurationPlatforms) = postSolution
		{8925759F-15E1-430C-AE56-D5F9F31E5B6C}.Debug|Any CPU.ActiveCfg = Debug|Any CPU
		{8925759F-15E1-430C-AE56-D5F9F31E5B6C}.Debug|Any CPU.Build.0 = Debug|Any CPU
		{8925759F-15E1-430C-AE56-D5F9F31E5B6C}.Debug|Any CPU.Deploy.0 = Debug|Any CPU
		{8925759F-15E1-430C-AE56-D5F9F31E5B6C}.Release|Any CPU.ActiveCfg = Release|Any CPU
		{8925759F-15E1-430C-AE56-D5F9F31E5B6C}.Release|Any CPU.Build.0 = Release|Any CPU
		{8925759F-15E1-430C-AE56-D5F9F31E5B6C}.Release|Any CPU.Deploy.0 = Release|Any CPU
		{169D8ACE-772D-4ADA-9B77-5D0B2171D40F}.Debug|Any CPU.ActiveCfg = Debug|Any CPU
		{169D8ACE-772D-4ADA-9B77-5D0B2171D40F}.Debug|Any CPU.Build.0 = Debug|Any CPU
		{169D8ACE-772D-4ADA-9B77-5D0B2171D40F}.Release|Any CPU.ActiveCfg = Release|Any CPU
		{169D8ACE-772D-4ADA-9B77-5D0B2171D40F}.Release|Any CPU.Build.0 = Release|Any CPU
		{5C18E63C-4CEC-4291-AF5E-487D0959358B}.Debug|Any CPU.ActiveCfg = Debug|Any CPU
		{5C18E63C-4CEC-4291-AF5E-487D0959358B}.Debug|Any CPU.Build.0 = Debug|Any CPU
		{5C18E63C-4CEC-4291-AF5E-487D0959358B}.Release|Any CPU.ActiveCfg = Release|Any CPU
		{5C18E63C-4CEC-4291-AF5E-487D0959358B}.Release|Any CPU.Build.0 = Release|Any CPU
		{DFCD30CB-2122-453D-A988-086ECB3F76F7}.Debug|Any CPU.ActiveCfg = Debug|Any CPU
		{DFCD30CB-2122-453D-A988-086ECB3F76F7}.Debug|Any CPU.Build.0 = Debug|Any CPU
		{DFCD30CB-2122-453D-A988-086ECB3F76F7}.Release|Any CPU.ActiveCfg = Release|Any CPU
		{DFCD30CB-2122-453D-A988-086ECB3F76F7}.Release|Any CPU.Build.0 = Release|Any CPU
	EndGlobalSection
	GlobalSection(SolutionProperties) = preSolution
		HideSolutionNode = FALSE
	EndGlobalSection
	GlobalSection(ExtensibilityGlobals) = postSolution
		SolutionGuid = {61F7FB11-1E47-470C-91E2-47F8143E1572}
	EndGlobalSection
EndGlobal
